
Microsoft Visual Studio Solution File, Format Version 12.00
# Visual Studio 15
VisualStudioVersion = 15.0.28010.2026
MinimumVisualStudioVersion = 10.0.40219.1
Project("{9A19103F-16F7-4668-BE54-9A1E7A4F7556}") = "Freeder.BLL", "Freeder.BLL\Freeder.BLL.csproj", "{1A4B5291-B2BA-4D49-AF5F-D01716381752}"
EndProject
Project("{9A19103F-16F7-4668-BE54-9A1E7A4F7556}") = "Feeder.Infrastructure", "Feeder.Infrastructure\Feeder.Infrastructure.csproj", "{466E8650-B716-41C5-9BAE-D7A56202B108}"
EndProject
Project("{9A19103F-16F7-4668-BE54-9A1E7A4F7556}") = "Feeder.DAL", "Feeder.DAL\Feeder.DAL.csproj", "{9C949FC6-0886-41B0-AB74-F2CC763C12B5}"
EndProject
Project("{FAE04EC0-301F-11D3-BF4B-00C04F79EFBC}") = "Feeder.API", "Feeder.API\Feeder.API.csproj", "{7FA4FE9D-0E3B-4D55-839A-E8B90D027301}"
EndProject
Global
	GlobalSection(SolutionConfigurationPlatforms) = preSolution
		Debug|Any CPU = Debug|Any CPU
		Release|Any CPU = Release|Any CPU
	EndGlobalSection
	GlobalSection(ProjectConfigurationPlatforms) = postSolution
		{1A4B5291-B2BA-4D49-AF5F-D01716381752}.Debug|Any CPU.ActiveCfg = Debug|Any CPU
		{1A4B5291-B2BA-4D49-AF5F-D01716381752}.Debug|Any CPU.Build.0 = Debug|Any CPU
		{1A4B5291-B2BA-4D49-AF5F-D01716381752}.Release|Any CPU.ActiveCfg = Release|Any CPU
		{1A4B5291-B2BA-4D49-AF5F-D01716381752}.Release|Any CPU.Build.0 = Release|Any CPU
		{466E8650-B716-41C5-9BAE-D7A56202B108}.Debug|Any CPU.ActiveCfg = Debug|Any CPU
		{466E8650-B716-41C5-9BAE-D7A56202B108}.Debug|Any CPU.Build.0 = Debug|Any CPU
		{466E8650-B716-41C5-9BAE-D7A56202B108}.Release|Any CPU.ActiveCfg = Release|Any CPU
		{466E8650-B716-41C5-9BAE-D7A56202B108}.Release|Any CPU.Build.0 = Release|Any CPU
		{9C949FC6-0886-41B0-AB74-F2CC763C12B5}.Debug|Any CPU.ActiveCfg = Debug|Any CPU
		{9C949FC6-0886-41B0-AB74-F2CC763C12B5}.Debug|Any CPU.Build.0 = Debug|Any CPU
		{9C949FC6-0886-41B0-AB74-F2CC763C12B5}.Release|Any CPU.ActiveCfg = Release|Any CPU
		{9C949FC6-0886-41B0-AB74-F2CC763C12B5}.Release|Any CPU.Build.0 = Release|Any CPU
		{7FA4FE9D-0E3B-4D55-839A-E8B90D027301}.Debug|Any CPU.ActiveCfg = Debug|Any CPU
		{7FA4FE9D-0E3B-4D55-839A-E8B90D027301}.Debug|Any CPU.Build.0 = Debug|Any CPU
		{7FA4FE9D-0E3B-4D55-839A-E8B90D027301}.Release|Any CPU.ActiveCfg = Release|Any CPU
		{7FA4FE9D-0E3B-4D55-839A-E8B90D027301}.Release|Any CPU.Build.0 = Release|Any CPU
	EndGlobalSection
	GlobalSection(SolutionProperties) = preSolution
		HideSolutionNode = FALSE
	EndGlobalSection
	GlobalSection(ExtensibilityGlobals) = postSolution
		SolutionGuid = {3004479E-AAB7-44FC-8569-B1F977306609}
	EndGlobalSection
EndGlobal
